// !$*UTF8*$!
{
	archiveVersion = 1;
	classes = {
	};
	objectVersion = 46;
	objects = {

/* Begin PBXBuildFile section */
		93811DBA1CD5AC17003E6CBF /* AppDelegate.swift in Sources */ = {isa = PBXBuildFile; fileRef = 93811DB91CD5AC17003E6CBF /* AppDelegate.swift */; };
		93811DBF1CD5AC17003E6CBF /* Main.storyboard in Resources */ = {isa = PBXBuildFile; fileRef = 93811DBD1CD5AC17003E6CBF /* Main.storyboard */; };
		93811DC21CD5AC18003E6CBF /* On_The_Map.xcdatamodeld in Sources */ = {isa = PBXBuildFile; fileRef = 93811DC01CD5AC18003E6CBF /* On_The_Map.xcdatamodeld */; };
		93811DC41CD5AC18003E6CBF /* Assets.xcassets in Resources */ = {isa = PBXBuildFile; fileRef = 93811DC31CD5AC18003E6CBF /* Assets.xcassets */; };
		93811DC71CD5AC18003E6CBF /* LaunchScreen.storyboard in Resources */ = {isa = PBXBuildFile; fileRef = 93811DC51CD5AC18003E6CBF /* LaunchScreen.storyboard */; };
		93811DD01CD5B5A9003E6CBF /* LoginViewController.swift in Sources */ = {isa = PBXBuildFile; fileRef = 93811DCF1CD5B5A9003E6CBF /* LoginViewController.swift */; };
		93811DD21CD5BCAC003E6CBF /* Constants.swift in Sources */ = {isa = PBXBuildFile; fileRef = 93811DD11CD5BCAC003E6CBF /* Constants.swift */; };
		93811DD91CD5CED0003E6CBF /* Helper.swift in Sources */ = {isa = PBXBuildFile; fileRef = 93811DD81CD5CED0003E6CBF /* Helper.swift */; };
		93811DDB1CD5D3EF003E6CBF /* NetworkUdacity.swift in Sources */ = {isa = PBXBuildFile; fileRef = 93811DDA1CD5D3EF003E6CBF /* NetworkUdacity.swift */; };
		93811DDD1CD5D4B7003E6CBF /* ConstantsUdacity.swift in Sources */ = {isa = PBXBuildFile; fileRef = 93811DDC1CD5D4B7003E6CBF /* ConstantsUdacity.swift */; };
		93A96C931CD6649A00FF8286 /* UdacityConvenience.swift in Sources */ = {isa = PBXBuildFile; fileRef = 93A96C921CD6649A00FF8286 /* UdacityConvenience.swift */; };
/* End PBXBuildFile section */

/* Begin PBXFileReference section */
		93811DB61CD5AC17003E6CBF /* On The Map.app */ = {isa = PBXFileReference; explicitFileType = wrapper.application; includeInIndex = 0; path = "On The Map.app"; sourceTree = BUILT_PRODUCTS_DIR; };
		93811DB91CD5AC17003E6CBF /* AppDelegate.swift */ = {isa = PBXFileReference; lastKnownFileType = sourcecode.swift; path = AppDelegate.swift; sourceTree = "<group>"; };
		93811DBE1CD5AC17003E6CBF /* Base */ = {isa = PBXFileReference; lastKnownFileType = file.storyboard; name = Base; path = Base.lproj/Main.storyboard; sourceTree = "<group>"; };
		93811DC11CD5AC18003E6CBF /* On_The_Map.xcdatamodel */ = {isa = PBXFileReference; lastKnownFileType = wrapper.xcdatamodel; path = On_The_Map.xcdatamodel; sourceTree = "<group>"; };
		93811DC31CD5AC18003E6CBF /* Assets.xcassets */ = {isa = PBXFileReference; lastKnownFileType = folder.assetcatalog; path = Assets.xcassets; sourceTree = "<group>"; };
		93811DC61CD5AC18003E6CBF /* Base */ = {isa = PBXFileReference; lastKnownFileType = file.storyboard; name = Base; path = Base.lproj/LaunchScreen.storyboard; sourceTree = "<group>"; };
		93811DC81CD5AC18003E6CBF /* Info.plist */ = {isa = PBXFileReference; lastKnownFileType = text.plist.xml; path = Info.plist; sourceTree = "<group>"; };
		93811DCF1CD5B5A9003E6CBF /* LoginViewController.swift */ = {isa = PBXFileReference; fileEncoding = 4; lastKnownFileType = sourcecode.swift; name = LoginViewController.swift; path = Controllers/LoginViewController.swift; sourceTree = "<group>"; };
		93811DD11CD5BCAC003E6CBF /* Constants.swift */ = {isa = PBXFileReference; fileEncoding = 4; lastKnownFileType = sourcecode.swift; path = Constants.swift; sourceTree = "<group>"; };
		93811DD81CD5CED0003E6CBF /* Helper.swift */ = {isa = PBXFileReference; fileEncoding = 4; lastKnownFileType = sourcecode.swift; path = Helper.swift; sourceTree = "<group>"; };
		93811DDA1CD5D3EF003E6CBF /* NetworkUdacity.swift */ = {isa = PBXFileReference; fileEncoding = 4; lastKnownFileType = sourcecode.swift; path = NetworkUdacity.swift; sourceTree = "<group>"; };
		93811DDC1CD5D4B7003E6CBF /* ConstantsUdacity.swift */ = {isa = PBXFileReference; fileEncoding = 4; lastKnownFileType = sourcecode.swift; name = ConstantsUdacity.swift; path = Model/ConstantsUdacity.swift; sourceTree = "<group>"; };
		93A96C921CD6649A00FF8286 /* UdacityConvenience.swift */ = {isa = PBXFileReference; fileEncoding = 4; lastKnownFileType = sourcecode.swift; path = UdacityConvenience.swift; sourceTree = "<group>"; };
/* End PBXFileReference section */

/* Begin PBXFrameworksBuildPhase section */
		93811DB31CD5AC17003E6CBF /* Frameworks */ = {
			isa = PBXFrameworksBuildPhase;
			buildActionMask = 2147483647;
			files = (
			);
			runOnlyForDeploymentPostprocessing = 0;
		};
/* End PBXFrameworksBuildPhase section */

/* Begin PBXGroup section */
		93811DAD1CD5AC17003E6CBF = {
			isa = PBXGroup;
			children = (
				93811DB81CD5AC17003E6CBF /* On The Map */,
				93811DB71CD5AC17003E6CBF /* Products */,
			);
			sourceTree = "<group>";
		};
		93811DB71CD5AC17003E6CBF /* Products */ = {
			isa = PBXGroup;
			children = (
				93811DB61CD5AC17003E6CBF /* On The Map.app */,
			);
			name = Products;
			sourceTree = "<group>";
		};
		93811DB81CD5AC17003E6CBF /* On The Map */ = {
			isa = PBXGroup;
			children = (
				93811DB91CD5AC17003E6CBF /* AppDelegate.swift */,
				93811DD11CD5BCAC003E6CBF /* Constants.swift */,
				93811DD81CD5CED0003E6CBF /* Helper.swift */,
				93811DD51CD5CD35003E6CBF /* Model */,
				93811DCE1CD5B519003E6CBF /* Controller */,
				93811DD31CD5BCBF003E6CBF /* Assets */,
				93811DD41CD5BCD4003E6CBF /* Supporting Files */,
			);
			path = "On The Map";
			sourceTree = "<group>";
		};
		93811DCE1CD5B519003E6CBF /* Controller */ = {
			isa = PBXGroup;
			children = (
				93811DCF1CD5B5A9003E6CBF /* LoginViewController.swift */,
			);
			name = Controller;
			sourceTree = "<group>";
		};
		93811DD31CD5BCBF003E6CBF /* Assets */ = {
			isa = PBXGroup;
			children = (
				93811DC31CD5AC18003E6CBF /* Assets.xcassets */,
				93811DC51CD5AC18003E6CBF /* LaunchScreen.storyboard */,
				93811DBD1CD5AC17003E6CBF /* Main.storyboard */,
			);
			name = Assets;
			sourceTree = "<group>";
		};
		93811DD41CD5BCD4003E6CBF /* Supporting Files */ = {
			isa = PBXGroup;
			children = (
				93811DC01CD5AC18003E6CBF /* On_The_Map.xcdatamodeld */,
				93811DC81CD5AC18003E6CBF /* Info.plist */,
			);
			name = "Supporting Files";
			sourceTree = "<group>";
		};
		93811DD51CD5CD35003E6CBF /* Model */ = {
			isa = PBXGroup;
			children = (
				93811DD61CD5CD8F003E6CBF /* Clients */,
			);
			name = Model;
			sourceTree = "<group>";
		};
		93811DD61CD5CD8F003E6CBF /* Clients */ = {
			isa = PBXGroup;
			children = (
				93811DD71CD5CDA2003E6CBF /* Udacity */,
			);
			name = Clients;
			sourceTree = "<group>";
		};
		93811DD71CD5CDA2003E6CBF /* Udacity */ = {
			isa = PBXGroup;
			children = (
				93811DDA1CD5D3EF003E6CBF /* NetworkUdacity.swift */,
				93811DDC1CD5D4B7003E6CBF /* ConstantsUdacity.swift */,
				93A96C921CD6649A00FF8286 /* UdacityConvenience.swift */,
			);
			name = Udacity;
			sourceTree = "<group>";
		};
/* End PBXGroup section */

/* Begin PBXNativeTarget section */
		93811DB51CD5AC17003E6CBF /* On The Map */ = {
			isa = PBXNativeTarget;
			buildConfigurationList = 93811DCB1CD5AC18003E6CBF /* Build configuration list for PBXNativeTarget "On The Map" */;
			buildPhases = (
				93811DB21CD5AC17003E6CBF /* Sources */,
				93811DB31CD5AC17003E6CBF /* Frameworks */,
				93811DB41CD5AC17003E6CBF /* Resources */,
			);
			buildRules = (
			);
			dependencies = (
			);
			name = "On The Map";
			productName = "On The Map";
			productReference = 93811DB61CD5AC17003E6CBF /* On The Map.app */;
			productType = "com.apple.product-type.application";
		};
/* End PBXNativeTarget section */

/* Begin PBXProject section */
		93811DAE1CD5AC17003E6CBF /* Project object */ = {
			isa = PBXProject;
			attributes = {
				LastSwiftUpdateCheck = 0730;
				LastUpgradeCheck = 0730;
				ORGANIZATIONNAME = "Rodrigo Astorga";
				TargetAttributes = {
					93811DB51CD5AC17003E6CBF = {
						CreatedOnToolsVersion = 7.3;
					};
				};
			};
			buildConfigurationList = 93811DB11CD5AC17003E6CBF /* Build configuration list for PBXProject "On The Map" */;
			compatibilityVersion = "Xcode 3.2";
			developmentRegion = English;
			hasScannedForEncodings = 0;
			knownRegions = (
				en,
				Base,
			);
			mainGroup = 93811DAD1CD5AC17003E6CBF;
			productRefGroup = 93811DB71CD5AC17003E6CBF /* Products */;
			projectDirPath = "";
			projectRoot = "";
			targets = (
				93811DB51CD5AC17003E6CBF /* On The Map */,
			);
		};
/* End PBXProject section */

/* Begin PBXResourcesBuildPhase section */
		93811DB41CD5AC17003E6CBF /* Resources */ = {
			isa = PBXResourcesBuildPhase;
			buildActionMask = 2147483647;
			files = (
				93811DC71CD5AC18003E6CBF /* LaunchScreen.storyboard in Resources */,
				93811DC41CD5AC18003E6CBF /* Assets.xcassets in Resources */,
				93811DBF1CD5AC17003E6CBF /* Main.storyboard in Resources */,
			);
			runOnlyForDeploymentPostprocessing = 0;
		};
/* End PBXResourcesBuildPhase section */

/* Begin PBXSourcesBuildPhase section */
		93811DB21CD5AC17003E6CBF /* Sources */ = {
			isa = PBXSourcesBuildPhase;
			buildActionMask = 2147483647;
			files = (
				93811DD01CD5B5A9003E6CBF /* LoginViewController.swift in Sources */,
				93811DC21CD5AC18003E6CBF /* On_The_Map.xcdatamodeld in Sources */,
				93811DDD1CD5D4B7003E6CBF /* ConstantsUdacity.swift in Sources */,
				93A96C931CD6649A00FF8286 /* UdacityConvenience.swift in Sources */,
				93811DDB1CD5D3EF003E6CBF /* NetworkUdacity.swift in Sources */,
				93811DD91CD5CED0003E6CBF /* Helper.swift in Sources */,
				93811DBA1CD5AC17003E6CBF /* AppDelegate.swift in Sources */,
				93811DD21CD5BCAC003E6CBF /* Constants.swift in Sources */,
			);
			runOnlyForDeploymentPostprocessing = 0;
		};
/* End PBXSourcesBuildPhase section */

/* Begin PBXVariantGroup section */
		93811DBD1CD5AC17003E6CBF /* Main.storyboard */ = {
			isa = PBXVariantGroup;
			children = (
				93811DBE1CD5AC17003E6CBF /* Base */,
			);
			name = Main.storyboard;
			sourceTree = "<group>";
		};
		93811DC51CD5AC18003E6CBF /* LaunchScreen.storyboard */ = {
			isa = PBXVariantGroup;
			children = (
				93811DC61CD5AC18003E6CBF /* Base */,
			);
			name = LaunchScreen.storyboard;
			sourceTree = "<group>";
		};
/* End PBXVariantGroup section */

/* Begin XCBuildConfiguration section */
		93811DC91CD5AC18003E6CBF /* Debug */ = {
			isa = XCBuildConfiguration;
			buildSettings = {
				ALWAYS_SEARCH_USER_PATHS = NO;
				CLANG_ANALYZER_NONNULL = YES;
				CLANG_CXX_LANGUAGE_STANDARD = "gnu++0x";
				CLANG_CXX_LIBRARY = "libc++";
				CLANG_ENABLE_MODULES = YES;
				CLANG_ENABLE_OBJC_ARC = YES;
				CLANG_WARN_BOOL_CONVERSION = YES;
				CLANG_WARN_CONSTANT_CONVERSION = YES;
				CLANG_WARN_DIRECT_OBJC_ISA_USAGE = YES_ERROR;
				CLANG_WARN_EMPTY_BODY = YES;
				CLANG_WARN_ENUM_CONVERSION = YES;
				CLANG_WARN_INT_CONVERSION = YES;
				CLANG_WARN_OBJC_ROOT_CLASS = YES_ERROR;
				CLANG_WARN_UNREACHABLE_CODE = YES;
				CLANG_WARN__DUPLICATE_METHOD_MATCH = YES;
				"CODE_SIGN_IDENTITY[sdk=iphoneos*]" = "iPhone Developer";
				COPY_PHASE_STRIP = NO;
				DEBUG_INFORMATION_FORMAT = dwarf;
				ENABLE_STRICT_OBJC_MSGSEND = YES;
				ENABLE_TESTABILITY = YES;
				GCC_C_LANGUAGE_STANDARD = gnu99;
				GCC_DYNAMIC_NO_PIC = NO;
				GCC_NO_COMMON_BLOCKS = YES;
				GCC_OPTIMIZATION_LEVEL = 0;
				GCC_PREPROCESSOR_DEFINITIONS = (
					"DEBUG=1",
					"$(inherited)",
				);
				GCC_WARN_64_TO_32_BIT_CONVERSION = YES;
				GCC_WARN_ABOUT_RETURN_TYPE = YES_ERROR;
				GCC_WARN_UNDECLARED_SELECTOR = YES;
				GCC_WARN_UNINITIALIZED_AUTOS = YES_AGGRESSIVE;
				GCC_WARN_UNUSED_FUNCTION = YES;
				GCC_WARN_UNUSED_VARIABLE = YES;
				IPHONEOS_DEPLOYMENT_TARGET = 9.3;
				MTL_ENABLE_DEBUG_INFO = YES;
				ONLY_ACTIVE_ARCH = YES;
				SDKROOT = iphoneos;
				SWIFT_OPTIMIZATION_LEVEL = "-Onone";
			};
			name = Debug;
		};
		93811DCA1CD5AC18003E6CBF /* Release */ = {
			isa = XCBuildConfiguration;
			buildSettings = {
				ALWAYS_SEARCH_USER_PATHS = NO;
				CLANG_ANALYZER_NONNULL = YES;
				CLANG_CXX_LANGUAGE_STANDARD = "gnu++0x";
				CLANG_CXX_LIBRARY = "libc++";
				CLANG_ENABLE_MODULES = YES;
				CLANG_ENABLE_OBJC_ARC = YES;
				CLANG_WARN_BOOL_CONVERSION = YES;
				CLANG_WARN_CONSTANT_CONVERSION = YES;
				CLANG_WARN_DIRECT_OBJC_ISA_USAGE = YES_ERROR;
				CLANG_WARN_EMPTY_BODY = YES;
				CLANG_WARN_ENUM_CONVERSION = YES;
				CLANG_WARN_INT_CONVERSION = YES;
				CLANG_WARN_OBJC_ROOT_CLASS = YES_ERROR;
				CLANG_WARN_UNREACHABLE_CODE = YES;
				CLANG_WARN__DUPLICATE_METHOD_MATCH = YES;
				"CODE_SIGN_IDENTITY[sdk=iphoneos*]" = "iPhone Developer";
				COPY_PHASE_STRIP = NO;
				DEBUG_INFORMATION_FORMAT = "dwarf-with-dsym";
				ENABLE_NS_ASSERTIONS = NO;
				ENABLE_STRICT_OBJC_MSGSEND = YES;
				GCC_C_LANGUAGE_STANDARD = gnu99;
				GCC_NO_COMMON_BLOCKS = YES;
				GCC_WARN_64_TO_32_BIT_CONVERSION = YES;
				GCC_WARN_ABOUT_RETURN_TYPE = YES_ERROR;
				GCC_WARN_UNDECLARED_SELECTOR = YES;
				GCC_WARN_UNINITIALIZED_AUTOS = YES_AGGRESSIVE;
				GCC_WARN_UNUSED_FUNCTION = YES;
				GCC_WARN_UNUSED_VARIABLE = YES;
				IPHONEOS_DEPLOYMENT_TARGET = 9.3;
				MTL_ENABLE_DEBUG_INFO = NO;
				SDKROOT = iphoneos;
				VALIDATE_PRODUCT = YES;
			};
			name = Release;
		};
		93811DCC1CD5AC18003E6CBF /* Debug */ = {
			isa = XCBuildConfiguration;
			buildSettings = {
				ASSETCATALOG_COMPILER_APPICON_NAME = AppIcon;
				INFOPLIST_FILE = "On The Map/Info.plist";
				LD_RUNPATH_SEARCH_PATHS = "$(inherited) @executable_path/Frameworks";
				PRODUCT_BUNDLE_IDENTIFIER = "com.solu4b.On-The-Map";
				PRODUCT_NAME = "$(TARGET_NAME)";
			};
			name = Debug;
		};
		93811DCD1CD5AC18003E6CBF /* Release */ = {
			isa = XCBuildConfiguration;
			buildSettings = {
				ASSETCATALOG_COMPILER_APPICON_NAME = AppIcon;
				INFOPLIST_FILE = "On The Map/Info.plist";
				LD_RUNPATH_SEARCH_PATHS = "$(inherited) @executable_path/Frameworks";
				PRODUCT_BUNDLE_IDENTIFIER = "com.solu4b.On-The-Map";
				PRODUCT_NAME = "$(TARGET_NAME)";
			};
			name = Release;
		};
/* End XCBuildConfiguration section */

/* Begin XCConfigurationList section */
		93811DB11CD5AC17003E6CBF /* Build configuration list for PBXProject "On The Map" */ = {
			isa = XCConfigurationList;
			buildConfigurations = (
				93811DC91CD5AC18003E6CBF /* Debug */,
				93811DCA1CD5AC18003E6CBF /* Release */,
			);
			defaultConfigurationIsVisible = 0;
			defaultConfigurationName = Release;
		};
		93811DCB1CD5AC18003E6CBF /* Build configuration list for PBXNativeTarget "On The Map" */ = {
			isa = XCConfigurationList;
			buildConfigurations = (
				93811DCC1CD5AC18003E6CBF /* Debug */,
				93811DCD1CD5AC18003E6CBF /* Release */,
			);
			defaultConfigurationIsVisible = 0;
			defaultConfigurationName = Release;
		};
/* End XCConfigurationList section */

/* Begin XCVersionGroup section */
		93811DC01CD5AC18003E6CBF /* On_The_Map.xcdatamodeld */ = {
			isa = XCVersionGroup;
			children = (
				93811DC11CD5AC18003E6CBF /* On_The_Map.xcdatamodel */,
			);
			currentVersion = 93811DC11CD5AC18003E6CBF /* On_The_Map.xcdatamodel */;
			path = On_The_Map.xcdatamodeld;
			sourceTree = "<group>";
			versionGroupType = wrapper.xcdatamodel;
		};
/* End XCVersionGroup section */
	};
	rootObject = 93811DAE1CD5AC17003E6CBF /* Project object */;
}
